
Microsoft Visual Studio Solution File, Format Version 12.00
# Visual Studio Version 16
VisualStudioVersion = 16.0.30503.244
MinimumVisualStudioVersion = 10.0.40219.1
Project("{FAE04EC0-301F-11D3-BF4B-00C04F79EFBC}") = "Weeek09", "Weeek09\Weeek09.csproj", "{FE5B168C-1A58-4D8E-B512-3A8FC8456612}"
EndProject
Global
	GlobalSection(SolutionConfigurationPlatforms) = preSolution
		Debug|Any CPU = Debug|Any CPU
		Release|Any CPU = Release|Any CPU
	EndGlobalSection
	GlobalSection(ProjectConfigurationPlatforms) = postSolution
		{FE5B168C-1A58-4D8E-B512-3A8FC8456612}.Debug|Any CPU.ActiveCfg = Debug|Any CPU
		{FE5B168C-1A58-4D8E-B512-3A8FC8456612}.Debug|Any CPU.Build.0 = Debug|Any CPU
		{FE5B168C-1A58-4D8E-B512-3A8FC8456612}.Release|Any CPU.ActiveCfg = Release|Any CPU
		{FE5B168C-1A58-4D8E-B512-3A8FC8456612}.Release|Any CPU.Build.0 = Release|Any CPU
	EndGlobalSection
	GlobalSection(SolutionProperties) = preSolution
		HideSolutionNode = FALSE
	EndGlobalSection
	GlobalSection(ExtensibilityGlobals) = postSolution
		SolutionGuid = {0DAFD6E1-AC05-487B-BA16-BB10A2B1D04E}
	EndGlobalSection
EndGlobal
