
Microsoft Visual Studio Solution File, Format Version 12.00
# Visual Studio Version 16
VisualStudioVersion = 16.0.30503.244
MinimumVisualStudioVersion = 10.0.40219.1
Project("{FAE04EC0-301F-11D3-BF4B-00C04F79EFBC}") = "WEEK06", "WEEK06\WEEK06.csproj", "{3746C600-1308-4B6C-B132-D04FA572B249}"
EndProject
Global
	GlobalSection(SolutionConfigurationPlatforms) = preSolution
		Debug|Any CPU = Debug|Any CPU
		Release|Any CPU = Release|Any CPU
	EndGlobalSection
	GlobalSection(ProjectConfigurationPlatforms) = postSolution
		{3746C600-1308-4B6C-B132-D04FA572B249}.Debug|Any CPU.ActiveCfg = Debug|Any CPU
		{3746C600-1308-4B6C-B132-D04FA572B249}.Debug|Any CPU.Build.0 = Debug|Any CPU
		{3746C600-1308-4B6C-B132-D04FA572B249}.Release|Any CPU.ActiveCfg = Release|Any CPU
		{3746C600-1308-4B6C-B132-D04FA572B249}.Release|Any CPU.Build.0 = Release|Any CPU
	EndGlobalSection
	GlobalSection(SolutionProperties) = preSolution
		HideSolutionNode = FALSE
	EndGlobalSection
	GlobalSection(ExtensibilityGlobals) = postSolution
		SolutionGuid = {3B9A4028-91C8-420F-8F76-7795A4B84F04}
	EndGlobalSection
EndGlobal
