
Microsoft Visual Studio Solution File, Format Version 12.00
# Visual Studio Version 16
VisualStudioVersion = 16.0.30503.244
MinimumVisualStudioVersion = 10.0.40219.1
Project("{FAE04EC0-301F-11D3-BF4B-00C04F79EFBC}") = "week5", "week5\week5.csproj", "{50CAC4B8-9100-446B-8FFB-269761184F09}"
EndProject
Global
	GlobalSection(SolutionConfigurationPlatforms) = preSolution
		Debug|Any CPU = Debug|Any CPU
		Release|Any CPU = Release|Any CPU
	EndGlobalSection
	GlobalSection(ProjectConfigurationPlatforms) = postSolution
		{50CAC4B8-9100-446B-8FFB-269761184F09}.Debug|Any CPU.ActiveCfg = Debug|Any CPU
		{50CAC4B8-9100-446B-8FFB-269761184F09}.Debug|Any CPU.Build.0 = Debug|Any CPU
		{50CAC4B8-9100-446B-8FFB-269761184F09}.Release|Any CPU.ActiveCfg = Release|Any CPU
		{50CAC4B8-9100-446B-8FFB-269761184F09}.Release|Any CPU.Build.0 = Release|Any CPU
	EndGlobalSection
	GlobalSection(SolutionProperties) = preSolution
		HideSolutionNode = FALSE
	EndGlobalSection
	GlobalSection(ExtensibilityGlobals) = postSolution
		SolutionGuid = {2A08C836-C799-4920-85F9-CF11E15E34A5}
	EndGlobalSection
EndGlobal
